
Microsoft Visual Studio Solution File, Format Version 12.00
# Visual Studio 15
VisualStudioVersion = 15.0.26124.0
MinimumVisualStudioVersion = 15.0.26124.0
Project("{FAE04EC0-301F-11D3-BF4B-00C04F79EFBC}") = "DotNet.Extensions", "DotNet.Extensions\DotNet.Extensions.csproj", "{B851CB6A-0192-442F-8DCA-A20B80980907}"
EndProject
Project("{FAE04EC0-301F-11D3-BF4B-00C04F79EFBC}") = "DotNet.Extensions.Tests", "DotNet.Extensions.Tests\DotNet.Extensions.Tests.csproj", "{3E6D7502-C8AC-40ED-8A90-E1EC78AE0FE3}"
EndProject
Global
	GlobalSection(SolutionConfigurationPlatforms) = preSolution
		Debug|Any CPU = Debug|Any CPU
		Debug|x64 = Debug|x64
		Debug|x86 = Debug|x86
		Release|Any CPU = Release|Any CPU
		Release|x64 = Release|x64
		Release|x86 = Release|x86
	EndGlobalSection
	GlobalSection(SolutionProperties) = preSolution
		HideSolutionNode = FALSE
	EndGlobalSection
	GlobalSection(ProjectConfigurationPlatforms) = postSolution
		{B851CB6A-0192-442F-8DCA-A20B80980907}.Debug|Any CPU.ActiveCfg = Debug|Any CPU
		{B851CB6A-0192-442F-8DCA-A20B80980907}.Debug|Any CPU.Build.0 = Debug|Any CPU
		{B851CB6A-0192-442F-8DCA-A20B80980907}.Debug|x64.ActiveCfg = Debug|Any CPU
		{B851CB6A-0192-442F-8DCA-A20B80980907}.Debug|x64.Build.0 = Debug|Any CPU
		{B851CB6A-0192-442F-8DCA-A20B80980907}.Debug|x86.ActiveCfg = Debug|Any CPU
		{B851CB6A-0192-442F-8DCA-A20B80980907}.Debug|x86.Build.0 = Debug|Any CPU
		{B851CB6A-0192-442F-8DCA-A20B80980907}.Release|Any CPU.ActiveCfg = Release|Any CPU
		{B851CB6A-0192-442F-8DCA-A20B80980907}.Release|Any CPU.Build.0 = Release|Any CPU
		{B851CB6A-0192-442F-8DCA-A20B80980907}.Release|x64.ActiveCfg = Release|Any CPU
		{B851CB6A-0192-442F-8DCA-A20B80980907}.Release|x64.Build.0 = Release|Any CPU
		{B851CB6A-0192-442F-8DCA-A20B80980907}.Release|x86.ActiveCfg = Release|Any CPU
		{B851CB6A-0192-442F-8DCA-A20B80980907}.Release|x86.Build.0 = Release|Any CPU
		{3E6D7502-C8AC-40ED-8A90-E1EC78AE0FE3}.Debug|Any CPU.ActiveCfg = Debug|Any CPU
		{3E6D7502-C8AC-40ED-8A90-E1EC78AE0FE3}.Debug|Any CPU.Build.0 = Debug|Any CPU
		{3E6D7502-C8AC-40ED-8A90-E1EC78AE0FE3}.Debug|x64.ActiveCfg = Debug|Any CPU
		{3E6D7502-C8AC-40ED-8A90-E1EC78AE0FE3}.Debug|x64.Build.0 = Debug|Any CPU
		{3E6D7502-C8AC-40ED-8A90-E1EC78AE0FE3}.Debug|x86.ActiveCfg = Debug|Any CPU
		{3E6D7502-C8AC-40ED-8A90-E1EC78AE0FE3}.Debug|x86.Build.0 = Debug|Any CPU
		{3E6D7502-C8AC-40ED-8A90-E1EC78AE0FE3}.Release|Any CPU.ActiveCfg = Release|Any CPU
		{3E6D7502-C8AC-40ED-8A90-E1EC78AE0FE3}.Release|Any CPU.Build.0 = Release|Any CPU
		{3E6D7502-C8AC-40ED-8A90-E1EC78AE0FE3}.Release|x64.ActiveCfg = Release|Any CPU
		{3E6D7502-C8AC-40ED-8A90-E1EC78AE0FE3}.Release|x64.Build.0 = Release|Any CPU
		{3E6D7502-C8AC-40ED-8A90-E1EC78AE0FE3}.Release|x86.ActiveCfg = Release|Any CPU
		{3E6D7502-C8AC-40ED-8A90-E1EC78AE0FE3}.Release|x86.Build.0 = Release|Any CPU
	EndGlobalSection
EndGlobal
